
Microsoft Visual Studio Solution File, Format Version 12.00
# Visual Studio Version 16
VisualStudioVersion = 16.0.31613.86
MinimumVisualStudioVersion = 10.0.40219.1
Project("{8BC9CEB8-8B4A-11D0-8D11-00A0C91BC942}") = "ConsoleWalkthrough3Final", "ConsoleWalkthrough3Final\ConsoleWalkthrough3Final.vcxproj", "{481BBC81-DE44-4702-AEE9-6EFA6E580729}"
EndProject
Global
	GlobalSection(SolutionConfigurationPlatforms) = preSolution
		Debug|x64 = Debug|x64
		Debug|x86 = Debug|x86
		Release|x64 = Release|x64
		Release|x86 = Release|x86
	EndGlobalSection
	GlobalSection(ProjectConfigurationPlatforms) = postSolution
		{481BBC81-DE44-4702-AEE9-6EFA6E580729}.Debug|x64.ActiveCfg = Debug|x64
		{481BBC81-DE44-4702-AEE9-6EFA6E580729}.Debug|x64.Build.0 = Debug|x64
		{481BBC81-DE44-4702-AEE9-6EFA6E580729}.Debug|x86.ActiveCfg = Debug|Win32
		{481BBC81-DE44-4702-AEE9-6EFA6E580729}.Debug|x86.Build.0 = Debug|Win32
		{481BBC81-DE44-4702-AEE9-6EFA6E580729}.Release|x64.ActiveCfg = Release|x64
		{481BBC81-DE44-4702-AEE9-6EFA6E580729}.Release|x64.Build.0 = Release|x64
		{481BBC81-DE44-4702-AEE9-6EFA6E580729}.Release|x86.ActiveCfg = Release|Win32
		{481BBC81-DE44-4702-AEE9-6EFA6E580729}.Release|x86.Build.0 = Release|Win32
	EndGlobalSection
	GlobalSection(SolutionProperties) = preSolution
		HideSolutionNode = FALSE
	EndGlobalSection
	GlobalSection(ExtensibilityGlobals) = postSolution
		SolutionGuid = {13CB70AA-4C50-4418-8FE6-764D33E61BD3}
	EndGlobalSection
EndGlobal
